<?xml version="1.0" encoding="utf-8"?>
<Project ToolsVersion="4.0" xmlns="http://schemas.microsoft.com/developer/msbuild/2003">
  <ItemGroup>
    <Filter Include="Source Files">
      <UniqueIdentifier>{4FC737F1-C7A5-4376-A066-2A32D752A2FF}</UniqueIdentifier>
      <Extensions>cpp;c;cc;cxx;c++;cppm;ixx;def;odl;idl;hpj;bat;asm;asmx</Extensions>
    </Filter>
    <Filter Include="Header Files">
      <UniqueIdentifier>{93995380-89BD-4b04-88EB-625FBE52EBFB}</UniqueIdentifier>
      <Extensions>h;hh;hpp;hxx;h++;hm;inl;inc;ipp;xsd</Extensions>
    </Filter>
    <Filter Include="Resource Files">
      <UniqueIdentifier>{67DA6AB6-F800-4c08-8B7A-83BB121AAD01}</UniqueIdentifier>
      <Extensions>rc;ico;cur;bmp;dlg;rc2;rct;bin;rgs;gif;jpg;jpeg;jpe;resx;tiff;tif;png;wav;mfcribbon-ms</Extensions>
    </Filter>
  </ItemGroup>
  <ItemGroup>
    <ClInclude Include="inc\HeckTextUI\HeckTextUI.h">
      <Filter>Header Files</Filter>
    </ClInclude>
    <ClInclude Include="Util.h">
      <Filter>Header Files</Filter>
    </ClInclude>
    <ClInclude Include="inc\HeckTextUI\Control.h">
      <Filter>Header Files</Filter>
    </ClInclude>
    <ClInclude Include="inc\HeckTextUI\Core.h">
      <Filter>Header Files</Filter>
    </ClInclude>
    <ClInclude Include="inc\HeckTextUI\Layout.h">
      <Filter>Header Files</Filter>
    </ClInclude>
    <ClInclude Include="inc\HeckTextUI\BasicControls.h">
      <Filter>Header Files</Filter>
    </ClInclude>
    <ClInclude Include="inc\HeckTextUI\UIScene.h">
      <Filter>Header Files</Filter>
    </ClInclude>
    <ClInclude Include="inc\HeckTextUI\Textbox.h">
      <Filter>Header Files</Filter>
    </ClInclude>
    <ClInclude Include="inc\HeckTextUI\Colour.h">
      <Filter>Header Files</Filter>
    </ClInclude>
    <ClInclude Include="inc\HeckTextUI\LayoutBuilder.h">
      <Filter>Header Files</Filter>
    </ClInclude>
    <ClInclude Include="inc\HeckTextUI\Window.h">
      <Filter>Header Files</Filter>
    </ClInclude>
    <ClInclude Include="inc\HeckTextUI\Combobox.h">
      <Filter>Header Files</Filter>
    </ClInclude>
    <ClInclude Include="inc\HeckTextUI\Slider.h">
      <Filter>Header Files</Filter>
    </ClInclude>
    <ClInclude Include="AnsiParser.h">
      <Filter>Header Files</Filter>
    </ClInclude>
  </ItemGroup>
  <ItemGroup>
    <ClCompile Include="ConsoleDevice.cpp">
      <Filter>Source Files</Filter>
    </ClCompile>
    <ClCompile Include="Framebuffer.cpp">
      <Filter>Source Files</Filter>
    </ClCompile>
    <ClCompile Include="Control.cpp">
      <Filter>Source Files</Filter>
    </ClCompile>
    <ClCompile Include="BasicLayouts.cpp">
      <Filter>Source Files</Filter>
    </ClCompile>
    <ClCompile Include="ResizablePanel.cpp">
      <Filter>Source Files</Filter>
    </ClCompile>
    <ClCompile Include="UIScene.cpp">
      <Filter>Source Files</Filter>
    </ClCompile>
    <ClCompile Include="Button.cpp">
      <Filter>Source Files</Filter>
    </ClCompile>
    <ClCompile Include="Core.cpp">
      <Filter>Source Files</Filter>
    </ClCompile>
    <ClCompile Include="FlowLayout.cpp">
      <Filter>Source Files</Filter>
    </ClCompile>
    <ClCompile Include="Label.cpp">
      <Filter>Source Files</Filter>
    </ClCompile>
    <ClCompile Include="Checkbox.cpp">
      <Filter>Source Files</Filter>
    </ClCompile>
    <ClCompile Include="HVRule.cpp">
      <Filter>Source Files</Filter>
    </ClCompile>
    <ClCompile Include="Textbox.cpp">
      <Filter>Source Files</Filter>
    </ClCompile>
    <ClCompile Include="Scrollbar.cpp">
      <Filter>Source Files</Filter>
    </ClCompile>
    <ClCompile Include="ScrollPanel.cpp">
      <Filter>Source Files</Filter>
    </ClCompile>
    <ClCompile Include="TableLayout.cpp">
      <Filter>Source Files</Filter>
    </ClCompile>
    <ClCompile Include="LayoutBuilder.cpp">
      <Filter>Source Files</Filter>
    </ClCompile>
    <ClCompile Include="Window.cpp">
      <Filter>Source Files</Filter>
    </ClCompile>
    <ClCompile Include="ResizableElement.cpp">
      <Filter>Source Files</Filter>
    </ClCompile>
    <ClCompile Include="Combobox.cpp">
      <Filter>Source Files</Filter>
    </ClCompile>
    <ClCompile Include="Slider.cpp">
      <Filter>Source Files</Filter>
    </ClCompile>
    <ClCompile Include="AnsiParser.cpp">
      <Filter>Source Files</Filter>
    </ClCompile>
  </ItemGroup>
</Project>