<?xml version="1.0" encoding="utf-8"?>
<Project ToolsVersion="4.0" xmlns="http://schemas.microsoft.com/developer/msbuild/2003">
  <ItemGroup>
    <Filter Include="Source Files">
      <UniqueIdentifier>{4FC737F1-C7A5-4376-A066-2A32D752A2FF}</UniqueIdentifier>
      <Extensions>cpp;c;cc;cxx;c++;cppm;ixx;def;odl;idl;hpj;bat;asm;asmx</Extensions>
    </Filter>
    <Filter Include="Header Files">
      <UniqueIdentifier>{93995380-89BD-4b04-88EB-625FBE52EBFB}</UniqueIdentifier>
      <Extensions>h;hh;hpp;hxx;h++;hm;inl;inc;ipp;xsd</Extensions>
    </Filter>
    <Filter Include="Resource Files">
      <UniqueIdentifier>{67DA6AB6-F800-4c08-8B7A-83BB121AAD01}</UniqueIdentifier>
      <Extensions>rc;ico;cur;bmp;dlg;rc2;rct;bin;rgs;gif;jpg;jpeg;jpe;resx;tiff;tif;png;wav;mfcribbon-ms</Extensions>
    </Filter>
  </ItemGroup>
  <ItemGroup>
    <ClInclude Include="PythonAPI\CyCommon.h">
      <Filter>Header Files</Filter>
    </ClInclude>
    <ClInclude Include="PythonAPI\CyCamera.h">
      <Filter>Header Files</Filter>
    </ClInclude>
    <ClInclude Include="PythonAPI\CyDiplomacy.h">
      <Filter>Header Files</Filter>
    </ClInclude>
    <ClInclude Include="PythonAPI\CyEngine.h">
      <Filter>Header Files</Filter>
    </ClInclude>
    <ClInclude Include="PythonAPI\CyFractal.h">
      <Filter>Header Files</Filter>
    </ClInclude>
    <ClInclude Include="PythonAPI\CyGlobeLayerManager.h">
      <Filter>Header Files</Filter>
    </ClInclude>
    <ClInclude Include="PythonAPI\CyPopupInfo.h">
      <Filter>Header Files</Filter>
    </ClInclude>
    <ClInclude Include="inc\Cv4CommonEngineLib\CyPopupReturn.h">
      <Filter>Header Files</Filter>
    </ClInclude>
    <ClInclude Include="PythonAPI\CyPythonMgr.h">
      <Filter>Header Files</Filter>
    </ClInclude>
    <ClInclude Include="PythonAPI\CyStatistics.h">
      <Filter>Header Files</Filter>
    </ClInclude>
    <ClInclude Include="PythonAPI\CyTranslator.h">
      <Filter>Header Files</Filter>
    </ClInclude>
    <ClInclude Include="PythonAPI\CyUserProfile.h">
      <Filter>Header Files</Filter>
    </ClInclude>
    <ClInclude Include="inc\Cv4CommonEngineLib\CvEngineEnums.h">
      <Filter>Header Files</Filter>
    </ClInclude>
    <ClInclude Include="inc\Cv4CommonEngineLib\CvVFS.h">
      <Filter>Header Files</Filter>
    </ClInclude>
    <ClInclude Include="inc\Cv4CommonEngineLib\CommonEngine.h">
      <Filter>Header Files</Filter>
    </ClInclude>
    <ClInclude Include="Common.h">
      <Filter>Header Files</Filter>
    </ClInclude>
    <ClInclude Include="inc\Cv4CommonEngineLib\CivIni.h">
      <Filter>Header Files</Filter>
    </ClInclude>
    <ClInclude Include="inc\Cv4CommonEngineLib\IniReader.h">
      <Filter>Header Files</Filter>
    </ClInclude>
    <ClInclude Include="inc\Cv4CommonEngineLib\CvTranslator.h">
      <Filter>Header Files</Filter>
    </ClInclude>
    <ClInclude Include="inc\Cv4CommonEngineLib\MyCvDLLPython.h">
      <Filter>Header Files</Filter>
    </ClInclude>
    <ClInclude Include="inc\Cv4CommonEngineLib\CvUserProfile.h">
      <Filter>Header Files</Filter>
    </ClInclude>
    <ClInclude Include="MyCvDLLUtility.h">
      <Filter>Header Files</Filter>
    </ClInclude>
    <ClInclude Include="MyCvDLLFAStar.h">
      <Filter>Header Files</Filter>
    </ClInclude>
    <ClInclude Include="MyCvDLLXml.h">
      <Filter>Header Files</Filter>
    </ClInclude>
    <ClInclude Include="FMPIManager.h">
      <Filter>Header Files</Filter>
    </ClInclude>
    <ClInclude Include="inc\Cv4CommonEngineLib\MyFFile.h">
      <Filter>Header Files</Filter>
    </ClInclude>
    <ClInclude Include="inc\Cv4CommonEngineLib\DLLMessageQueue.h">
      <Filter>Header Files</Filter>
    </ClInclude>
    <ClInclude Include="inc\Cv4CommonEngineLib\RawBinaryStream.h">
      <Filter>Header Files</Filter>
    </ClInclude>
    <ClInclude Include="inc\Cv4CommonEngineLib\AudioXmlDefs.h">
      <Filter>Header Files</Filter>
    </ClInclude>
    <ClInclude Include="inc\Cv4CommonEngineLib\CvAppStates.h">
      <Filter>Header Files</Filter>
    </ClInclude>
    <ClInclude Include="inc\Cv4CommonEngineLib\CvEngine.h">
      <Filter>Header Files</Filter>
    </ClInclude>
    <ClInclude Include="MyCvDLLEngineIFace.h">
      <Filter>Header Files</Filter>
    </ClInclude>
    <ClInclude Include="MyCvDLLInterfaceIFace.h">
      <Filter>Header Files</Filter>
    </ClInclude>
    <ClInclude Include="inc\Cv4CommonEngineLib\CvInterface.h">
      <Filter>Header Files</Filter>
    </ClInclude>
    <ClInclude Include="PythonAPI\CyInterface.h">
      <Filter>Header Files</Filter>
    </ClInclude>
    <ClInclude Include="inc\Cv4CommonEngineLib\CvPopup.h">
      <Filter>Header Files</Filter>
    </ClInclude>
    <ClInclude Include="inc\Cv4CommonEngineLib\CvButtonPopup.h">
      <Filter>Header Files</Filter>
    </ClInclude>
    <ClInclude Include="CompressionBinaryStream.h">
      <Filter>Header Files</Filter>
    </ClInclude>
    <ClInclude Include="inc\Cv4CommonEngineLib\CvPythonExtensionsSetup.h">
      <Filter>Header Files</Filter>
    </ClInclude>
    <ClInclude Include="PythonPopup.h">
      <Filter>Header Files</Filter>
    </ClInclude>
    <ClInclude Include="PythonAPI\CyPopup.h">
      <Filter>Header Files</Filter>
    </ClInclude>
    <ClInclude Include="CommonEngineGlobal.h">
      <Filter>Header Files</Filter>
    </ClInclude>
    <ClInclude Include="CvAppUtil.h">
      <Filter>Header Files</Filter>
    </ClInclude>
  </ItemGroup>
  <ItemGroup>
    <ClCompile Include="PythonAPI\CvPythonExtensionsSetup.cpp">
      <Filter>Source Files</Filter>
    </ClCompile>
    <ClCompile Include="PythonAPI\CyCamera.cpp">
      <Filter>Source Files</Filter>
    </ClCompile>
    <ClCompile Include="PythonAPI\CyDiplomacy.cpp">
      <Filter>Source Files</Filter>
    </ClCompile>
    <ClCompile Include="PythonAPI\CyEngine.cpp">
      <Filter>Source Files</Filter>
    </ClCompile>
    <ClCompile Include="PythonAPI\CyFractal.cpp">
      <Filter>Source Files</Filter>
    </ClCompile>
    <ClCompile Include="PythonAPI\CyGlobeLayerManager.cpp">
      <Filter>Source Files</Filter>
    </ClCompile>
    <ClCompile Include="PythonAPI\CyPopupInfo.cpp">
      <Filter>Source Files</Filter>
    </ClCompile>
    <ClCompile Include="PythonAPI\CyPopupReturn.cpp">
      <Filter>Source Files</Filter>
    </ClCompile>
    <ClCompile Include="PythonAPI\CyPythonMgr.cpp">
      <Filter>Source Files</Filter>
    </ClCompile>
    <ClCompile Include="PythonAPI\CyStatistics.cpp">
      <Filter>Source Files</Filter>
    </ClCompile>
    <ClCompile Include="PythonAPI\CyTranslator.cpp">
      <Filter>Source Files</Filter>
    </ClCompile>
    <ClCompile Include="PythonAPI\CyUserProfile.cpp">
      <Filter>Source Files</Filter>
    </ClCompile>
    <ClCompile Include="PythonAPI\CyEngineEnums.cpp">
      <Filter>Source Files</Filter>
    </ClCompile>
    <ClCompile Include="CvVFS.cpp">
      <Filter>Source Files</Filter>
    </ClCompile>
    <ClCompile Include="Common.cpp">
      <Filter>Source Files</Filter>
    </ClCompile>
    <ClCompile Include="CivIni.cpp">
      <Filter>Source Files</Filter>
    </ClCompile>
    <ClCompile Include="IniReader.cpp">
      <Filter>Source Files</Filter>
    </ClCompile>
    <ClCompile Include="CvTranslator.cpp">
      <Filter>Source Files</Filter>
    </ClCompile>
    <ClCompile Include="MyCvDLLPython.cpp">
      <Filter>Source Files</Filter>
    </ClCompile>
    <ClCompile Include="CvUserProfile.cpp">
      <Filter>Source Files</Filter>
    </ClCompile>
    <ClCompile Include="MyCvDLLUtility.cpp">
      <Filter>Source Files</Filter>
    </ClCompile>
    <ClCompile Include="MyCvDLLFAStar.cpp">
      <Filter>Source Files</Filter>
    </ClCompile>
    <ClCompile Include="MyCvDLLXml.cpp">
      <Filter>Source Files</Filter>
    </ClCompile>
    <ClCompile Include="FMPIManager.cpp">
      <Filter>Source Files</Filter>
    </ClCompile>
    <ClCompile Include="DLLMessageQueue.cpp">
      <Filter>Source Files</Filter>
    </ClCompile>
    <ClCompile Include="CompressionBinaryStream.cpp">
      <Filter>Source Files</Filter>
    </ClCompile>
    <ClCompile Include="AudioXmlDefs.cpp">
      <Filter>Source Files</Filter>
    </ClCompile>
    <ClCompile Include="CvAppUtil.cpp">
      <Filter>Source Files</Filter>
    </ClCompile>
    <ClCompile Include="CvAppStates.cpp">
      <Filter>Source Files</Filter>
    </ClCompile>
    <ClCompile Include="MyCvDLLEngineIFace.cpp">
      <Filter>Source Files</Filter>
    </ClCompile>
    <ClCompile Include="MyCvDLLInterfaceIFace.cpp">
      <Filter>Source Files</Filter>
    </ClCompile>
    <ClCompile Include="CvEngine.cpp">
      <Filter>Source Files</Filter>
    </ClCompile>
    <ClCompile Include="CvInterface.cpp">
      <Filter>Source Files</Filter>
    </ClCompile>
    <ClCompile Include="PythonAPI\CyInterface.cpp">
      <Filter>Source Files</Filter>
    </ClCompile>
    <ClCompile Include="CvPopup.cpp">
      <Filter>Source Files</Filter>
    </ClCompile>
    <ClCompile Include="CvButtonPopup.cpp">
      <Filter>Source Files</Filter>
    </ClCompile>
    <ClCompile Include="PythonAPI\CyCommon.cpp">
      <Filter>Source Files</Filter>
    </ClCompile>
    <ClCompile Include="PythonPopup.cpp">
      <Filter>Source Files</Filter>
    </ClCompile>
    <ClCompile Include="PythonAPI\CyPopup.cpp">
      <Filter>Source Files</Filter>
    </ClCompile>
    <ClCompile Include="CommonEngine.cpp">
      <Filter>Source Files</Filter>
    </ClCompile>
  </ItemGroup>
</Project>