<?xml version="1.0" encoding="utf-8"?>
<Project ToolsVersion="4.0" xmlns="http://schemas.microsoft.com/developer/msbuild/2003">
  <ItemGroup>
    <Filter Include="Source Files">
      <UniqueIdentifier>{4FC737F1-C7A5-4376-A066-2A32D752A2FF}</UniqueIdentifier>
      <Extensions>cpp;c;cc;cxx;c++;cppm;ixx;def;odl;idl;hpj;bat;asm;asmx</Extensions>
    </Filter>
    <Filter Include="Header Files">
      <UniqueIdentifier>{93995380-89BD-4b04-88EB-625FBE52EBFB}</UniqueIdentifier>
      <Extensions>h;hh;hpp;hxx;h++;hm;inl;inc;ipp;xsd</Extensions>
    </Filter>
    <Filter Include="Resource Files">
      <UniqueIdentifier>{67DA6AB6-F800-4c08-8B7A-83BB121AAD01}</UniqueIdentifier>
      <Extensions>rc;ico;cur;bmp;dlg;rc2;rct;bin;rgs;gif;jpg;jpeg;jpe;resx;tiff;tif;png;wav;mfcribbon-ms</Extensions>
    </Filter>
  </ItemGroup>
  <ItemGroup>
    <ClCompile Include="main.cpp">
      <Filter>Source Files</Filter>
    </ClCompile>
    <ClCompile Include="DLLInterface\MyCvDLLEntityIFace.cpp">
      <Filter>Source Files</Filter>
    </ClCompile>
    <ClCompile Include="DLLInterface\MyCvDLLFeature.cpp">
      <Filter>Source Files</Filter>
    </ClCompile>
    <ClCompile Include="DLLInterface\MyCvDLLFlagEntity.cpp">
      <Filter>Source Files</Filter>
    </ClCompile>
    <ClCompile Include="CvTuiInterface.cpp">
      <Filter>Source Files</Filter>
    </ClCompile>
    <ClCompile Include="CvApp.cpp">
      <Filter>Source Files</Filter>
    </ClCompile>
    <ClCompile Include="WorldView.cpp">
      <Filter>Source Files</Filter>
    </ClCompile>
    <ClCompile Include="Graphics.cpp">
      <Filter>Source Files</Filter>
    </ClCompile>
    <ClCompile Include="MainInterfaceWorldView.cpp">
      <Filter>Source Files</Filter>
    </ClCompile>
    <ClCompile Include="MainInterfaceEventHandling.cpp">
      <Filter>Source Files</Filter>
    </ClCompile>
    <ClCompile Include="MainInterfaceControls.cpp">
      <Filter>Source Files</Filter>
    </ClCompile>
    <ClCompile Include="CvAppUI.cpp">
      <Filter>Source Files</Filter>
    </ClCompile>
    <ClCompile Include="CvGInterfaceScreen.cpp">
      <Filter>Source Files</Filter>
    </ClCompile>
    <ClCompile Include="TuiTextCode.cpp">
      <Filter>Source Files</Filter>
    </ClCompile>
    <ClCompile Include="PythonScreen.cpp">
      <Filter>Source Files</Filter>
    </ClCompile>
    <ClCompile Include="MainInterfaceControls_PlotListUnitButton.cpp">
      <Filter>Source Files</Filter>
    </ClCompile>
    <ClCompile Include="MainInterfaceControls_RichLabel.cpp">
      <Filter>Source Files</Filter>
    </ClCompile>
    <ClCompile Include="Minimap.cpp">
      <Filter>Source Files</Filter>
    </ClCompile>
    <ClCompile Include="RichTextTable.cpp">
      <Filter>Source Files</Filter>
    </ClCompile>
    <ClCompile Include="RichGuage.cpp">
      <Filter>Source Files</Filter>
    </ClCompile>
    <ClCompile Include="LineGraph.cpp">
      <Filter>Source Files</Filter>
    </ClCompile>
    <ClCompile Include="DXT.cpp">
      <Filter>Source Files</Filter>
    </ClCompile>
    <ClCompile Include="AudioSystem.cpp">
      <Filter>Source Files</Filter>
    </ClCompile>
    <ClCompile Include="WorldViewUtils.cpp">
      <Filter>Source Files</Filter>
    </ClCompile>
    <ClCompile Include="CvTuiDialog.cpp">
      <Filter>Source Files</Filter>
    </ClCompile>
    <ClCompile Include="CvGTurnLogWindow.cpp">
      <Filter>Source Files</Filter>
    </ClCompile>
    <ClCompile Include="CvTuiEngine.cpp">
      <Filter>Source Files</Filter>
    </ClCompile>
    <ClCompile Include="AppMainMenusState.cpp">
      <Filter>Source Files</Filter>
    </ClCompile>
    <ClCompile Include="VersionInfo.cpp">
      <Filter>Source Files</Filter>
    </ClCompile>
    <ClCompile Include="AppGameSetupPlayerListPanel.cpp">
      <Filter>Source Files</Filter>
    </ClCompile>
    <ClCompile Include="AppUIUtil.cpp">
      <Filter>Source Files</Filter>
    </ClCompile>
    <ClCompile Include="AppGameSetupConfigPanel.cpp">
      <Filter>Source Files</Filter>
    </ClCompile>
    <ClCompile Include="AppGameSetupWindow.cpp">
      <Filter>Source Files</Filter>
    </ClCompile>
    <ClCompile Include="AppGameSetupMapScript.cpp">
      <Filter>Source Files</Filter>
    </ClCompile>
    <ClCompile Include="CvTuiDiplomacyScreen.cpp">
      <Filter>Source Files</Filter>
    </ClCompile>
    <ClCompile Include="TuiFileBrowser.cpp">
      <Filter>Source Files</Filter>
    </ClCompile>
    <ClCompile Include="UITheme.cpp">
      <Filter>Source Files</Filter>
    </ClCompile>
    <ClCompile Include="$(S3TC_DXT_DIR)\s3tc.cpp">
      <Filter>Source Files</Filter>
    </ClCompile>
    <ClCompile Include="CommandLine.cpp">
      <Filter>Source Files</Filter>
    </ClCompile>
    <ClCompile Include="PythonAPI\CyGInterfaceScreen.cpp">
      <Filter>Source Files</Filter>
    </ClCompile>
    <ClCompile Include="PythonAPI\CyTuiDialog.cpp">
      <Filter>Source Files</Filter>
    </ClCompile>
    <ClCompile Include="FileDialogs.cpp">
      <Filter>Source Files</Filter>
    </ClCompile>
    <ClCompile Include="TuiTextCodeSymbols.cpp">
      <Filter>Source Files</Filter>
    </ClCompile>
    <ClCompile Include="CvPopupTuiDialog.cpp">
      <Filter>Source Files</Filter>
    </ClCompile>
    <ClCompile Include="CvTuiMainInterface.cpp">
      <Filter>Source Files</Filter>
    </ClCompile>
    <ClCompile Include="CvAppStates.cpp">
      <Filter>Source Files</Filter>
    </ClCompile>
    <ClCompile Include="DLLInterface\MyCvDLLPlotBuilder.cpp">
      <Filter>Source Files</Filter>
    </ClCompile>
    <ClCompile Include="PythonAPI\CvPythonExtensions.cpp">
      <Filter>Source Files</Filter>
    </ClCompile>
  </ItemGroup>
  <ItemGroup>
    <ClInclude Include="DLLInterface\MyCvDLLEntityIFace.h">
      <Filter>Header Files</Filter>
    </ClInclude>
    <ClInclude Include="DLLInterface\MyCvDLLFeature.h">
      <Filter>Header Files</Filter>
    </ClInclude>
    <ClInclude Include="DLLInterface\MyCvDLLFlagEntity.h">
      <Filter>Header Files</Filter>
    </ClInclude>
    <ClInclude Include="CvTuiInterface.h">
      <Filter>Header Files</Filter>
    </ClInclude>
    <ClInclude Include="CvApp.h">
      <Filter>Header Files</Filter>
    </ClInclude>
    <ClInclude Include="WorldView.h">
      <Filter>Header Files</Filter>
    </ClInclude>
    <ClInclude Include="Graphics.h">
      <Filter>Header Files</Filter>
    </ClInclude>
    <ClInclude Include="MainInterface.h">
      <Filter>Header Files</Filter>
    </ClInclude>
    <ClInclude Include="MainInterfaceControls.h">
      <Filter>Header Files</Filter>
    </ClInclude>
    <ClInclude Include="CvGInterfaceScreen.h">
      <Filter>Header Files</Filter>
    </ClInclude>
    <ClInclude Include="TuiTextCode.h">
      <Filter>Header Files</Filter>
    </ClInclude>
    <ClInclude Include="PythonScreen.h">
      <Filter>Header Files</Filter>
    </ClInclude>
    <ClInclude Include="Minimap.h">
      <Filter>Header Files</Filter>
    </ClInclude>
    <ClInclude Include="RichTextTable.h">
      <Filter>Header Files</Filter>
    </ClInclude>
    <ClInclude Include="RichGuage.h">
      <Filter>Header Files</Filter>
    </ClInclude>
    <ClInclude Include="LineGraph.h">
      <Filter>Header Files</Filter>
    </ClInclude>
    <ClInclude Include="DXT.h">
      <Filter>Header Files</Filter>
    </ClInclude>
    <ClInclude Include="AudioSystem.h">
      <Filter>Header Files</Filter>
    </ClInclude>
    <ClInclude Include="WorldViewUtils.h">
      <Filter>Header Files</Filter>
    </ClInclude>
    <ClInclude Include="CvTuiDialog.h">
      <Filter>Header Files</Filter>
    </ClInclude>
    <ClInclude Include="CvGTurnLogWindow.h">
      <Filter>Header Files</Filter>
    </ClInclude>
    <ClInclude Include="CvTuiEngine.h">
      <Filter>Header Files</Filter>
    </ClInclude>
    <ClInclude Include="AppMainMenusState.h">
      <Filter>Header Files</Filter>
    </ClInclude>
    <ClInclude Include="VersionInfo.h">
      <Filter>Header Files</Filter>
    </ClInclude>
    <ClInclude Include="AppGameSetupPlayerListPanel.h">
      <Filter>Header Files</Filter>
    </ClInclude>
    <ClInclude Include="AppUIUtil.h">
      <Filter>Header Files</Filter>
    </ClInclude>
    <ClInclude Include="AppGameSetupConfigPanel.h">
      <Filter>Header Files</Filter>
    </ClInclude>
    <ClInclude Include="AppGameSetupWindow.h">
      <Filter>Header Files</Filter>
    </ClInclude>
    <ClInclude Include="AppGameSetupMapScript.h">
      <Filter>Header Files</Filter>
    </ClInclude>
    <ClInclude Include="CvTuiDiplomacyScreen.h">
      <Filter>Header Files</Filter>
    </ClInclude>
    <ClInclude Include="TuiFileBrowser.h">
      <Filter>Header Files</Filter>
    </ClInclude>
    <ClInclude Include="UITheme.h">
      <Filter>Header Files</Filter>
    </ClInclude>
    <ClInclude Include="CommandLine.h">
      <Filter>Header Files</Filter>
    </ClInclude>
    <ClInclude Include="PythonAPI\CyGInterfaceScreen.h">
      <Filter>Header Files</Filter>
    </ClInclude>
    <ClInclude Include="PythonAPI\CyTuiDialog.h">
      <Filter>Header Files</Filter>
    </ClInclude>
    <ClInclude Include="FileDialogs.h">
      <Filter>Header Files</Filter>
    </ClInclude>
    <ClInclude Include="CvTuiMainInterface.h">
      <Filter>Header Files</Filter>
    </ClInclude>
    <ClInclude Include="CvPopupTuiDialog.h">
      <Filter>Header Files</Filter>
    </ClInclude>
    <ClInclude Include="DLLInterface\MyCvDLLPlotBuilder.h">
      <Filter>Header Files</Filter>
    </ClInclude>
  </ItemGroup>
</Project>