<?xml version="1.0" encoding="utf-8"?>
<Project ToolsVersion="4.0" xmlns="http://schemas.microsoft.com/developer/msbuild/2003">
  <ItemGroup>
    <Filter Include="Source Files">
      <UniqueIdentifier>{4FC737F1-C7A5-4376-A066-2A32D752A2FF}</UniqueIdentifier>
      <Extensions>cpp;c;cc;cxx;c++;cppm;ixx;def;odl;idl;hpj;bat;asm;asmx</Extensions>
    </Filter>
    <Filter Include="Header Files">
      <UniqueIdentifier>{93995380-89BD-4b04-88EB-625FBE52EBFB}</UniqueIdentifier>
      <Extensions>h;hh;hpp;hxx;h++;hm;inl;inc;ipp;xsd</Extensions>
    </Filter>
    <Filter Include="Resource Files">
      <UniqueIdentifier>{67DA6AB6-F800-4c08-8B7A-83BB121AAD01}</UniqueIdentifier>
      <Extensions>rc;ico;cur;bmp;dlg;rc2;rct;bin;rgs;gif;jpg;jpeg;jpe;resx;tiff;tif;png;wav;mfcribbon-ms</Extensions>
    </Filter>
  </ItemGroup>
  <ItemGroup>
    <ClCompile Include="main.cpp">
      <Filter>Source Files</Filter>
    </ClCompile>
    <ClCompile Include="Common.cpp">
      <Filter>Source Files</Filter>
    </ClCompile>
    <ClCompile Include="DLLInterface\MyCvDLLEntityIFace.cpp">
      <Filter>Source Files</Filter>
    </ClCompile>
    <ClCompile Include="DLLInterface\MyCvDLLFAStar.cpp">
      <Filter>Source Files</Filter>
    </ClCompile>
    <ClCompile Include="DLLInterface\MyCvDLLFeature.cpp">
      <Filter>Source Files</Filter>
    </ClCompile>
    <ClCompile Include="DLLInterface\MyCvDLLFlagEntity.cpp">
      <Filter>Source Files</Filter>
    </ClCompile>
    <ClCompile Include="DLLInterface\MyCvDLLInterfaceIFace.cpp">
      <Filter>Source Files</Filter>
    </ClCompile>
    <ClCompile Include="DLLInterface\MyCvDLLPython.cpp">
      <Filter>Source Files</Filter>
    </ClCompile>
    <ClCompile Include="DLLInterface\MyCvDLLUtility.cpp">
      <Filter>Source Files</Filter>
    </ClCompile>
    <ClCompile Include="DLLInterface\MyCvDLLXml.cpp">
      <Filter>Source Files</Filter>
    </ClCompile>
    <ClCompile Include="Logger.cpp">
      <Filter>Source Files</Filter>
    </ClCompile>
    <ClCompile Include="PythonAPI\CvPythonExtensions.cpp">
      <Filter>Source Files</Filter>
    </ClCompile>
    <ClCompile Include="PythonAPI\CyTranslator.cpp">
      <Filter>Source Files</Filter>
    </ClCompile>
    <ClCompile Include="PythonAPI\CyInterface.cpp">
      <Filter>Source Files</Filter>
    </ClCompile>
    <ClCompile Include="CvEngineEnums.cpp">
      <Filter>Source Files</Filter>
    </ClCompile>
    <ClCompile Include="PythonAPI\CyDiplomacy.cpp">
      <Filter>Source Files</Filter>
    </ClCompile>
    <ClCompile Include="PythonAPI\CyUserProfile.cpp">
      <Filter>Source Files</Filter>
    </ClCompile>
    <ClCompile Include="PythonAPI\CyFractal.cpp">
      <Filter>Source Files</Filter>
    </ClCompile>
    <ClCompile Include="PythonAPI\CyCamera.cpp">
      <Filter>Source Files</Filter>
    </ClCompile>
    <ClCompile Include="PythonAPI\CyEngine.cpp">
      <Filter>Source Files</Filter>
    </ClCompile>
    <ClCompile Include="PythonAPI\CyPythonMgr.cpp">
      <Filter>Source Files</Filter>
    </ClCompile>
    <ClCompile Include="CvInterface.cpp">
      <Filter>Source Files</Filter>
    </ClCompile>
    <ClCompile Include="DLLInterface\FMPIManager.cpp">
      <Filter>Source Files</Filter>
    </ClCompile>
    <ClCompile Include="CvApp.cpp">
      <Filter>Source Files</Filter>
    </ClCompile>
    <ClCompile Include="PythonAPI\CyGInterfaceScreen.cpp">
      <Filter>Source Files</Filter>
    </ClCompile>
    <ClCompile Include="PythonAPI\CyGlobeLayerManager.cpp">
      <Filter>Source Files</Filter>
    </ClCompile>
    <ClCompile Include="PythonAPI\CyPopupInfo.cpp">
      <Filter>Source Files</Filter>
    </ClCompile>
    <ClCompile Include="WorldView.cpp">
      <Filter>Source Files</Filter>
    </ClCompile>
    <ClCompile Include="Graphics.cpp">
      <Filter>Source Files</Filter>
    </ClCompile>
    <ClCompile Include="DLLInterface\MyCvDLLEngineIFace.cpp">
      <Filter>Source Files</Filter>
    </ClCompile>
    <ClCompile Include="CvTranslator.cpp">
      <Filter>Source Files</Filter>
    </ClCompile>
    <ClCompile Include="PythonAPI\CyPopup.cpp">
      <Filter>Source Files</Filter>
    </ClCompile>
    <ClCompile Include="CvPopup.cpp">
      <Filter>Source Files</Filter>
    </ClCompile>
    <ClCompile Include="DLLMessageQueue.cpp">
      <Filter>Source Files</Filter>
    </ClCompile>
    <ClCompile Include="MainInterfaceWorldView.cpp">
      <Filter>Source Files</Filter>
    </ClCompile>
    <ClCompile Include="RawBinaryStream.cpp">
      <Filter>Source Files</Filter>
    </ClCompile>
    <ClCompile Include="MainInterfaceEventHandling.cpp">
      <Filter>Source Files</Filter>
    </ClCompile>
    <ClCompile Include="MainInterfaceControls.cpp">
      <Filter>Source Files</Filter>
    </ClCompile>
    <ClCompile Include="CvAppUI.cpp">
      <Filter>Source Files</Filter>
    </ClCompile>
    <ClCompile Include="CvGInterfaceScreen.cpp">
      <Filter>Source Files</Filter>
    </ClCompile>
    <ClCompile Include="TuiTextCode.cpp">
      <Filter>Source Files</Filter>
    </ClCompile>
    <ClCompile Include="PythonPopup.cpp">
      <Filter>Source Files</Filter>
    </ClCompile>
    <ClCompile Include="PythonAPI\CyPopupReturn.cpp">
      <Filter>Source Files</Filter>
    </ClCompile>
    <ClCompile Include="CvButtonPopup.cpp">
      <Filter>Source Files</Filter>
    </ClCompile>
    <ClCompile Include="PythonScreen.cpp">
      <Filter>Source Files</Filter>
    </ClCompile>
    <ClCompile Include="MainInterfaceControls_PlotListUnitButton.cpp">
      <Filter>Source Files</Filter>
    </ClCompile>
    <ClCompile Include="MainInterfaceControls_RichLabel.cpp">
      <Filter>Source Files</Filter>
    </ClCompile>
    <ClCompile Include="Minimap.cpp">
      <Filter>Source Files</Filter>
    </ClCompile>
    <ClCompile Include="RichTextTable.cpp">
      <Filter>Source Files</Filter>
    </ClCompile>
    <ClCompile Include="RichGuage.cpp">
      <Filter>Source Files</Filter>
    </ClCompile>
    <ClCompile Include="LineGraph.cpp">
      <Filter>Source Files</Filter>
    </ClCompile>
    <ClCompile Include="PythonAPI\CyStatistics.cpp">
      <Filter>Source Files</Filter>
    </ClCompile>
    <ClCompile Include="DXT.cpp">
      <Filter>Source Files</Filter>
    </ClCompile>
    <ClCompile Include="AudioSystem.cpp">
      <Filter>Source Files</Filter>
    </ClCompile>
    <ClCompile Include="WorldViewUtils.cpp">
      <Filter>Source Files</Filter>
    </ClCompile>
    <ClCompile Include="IniReader.cpp">
      <Filter>Source Files</Filter>
    </ClCompile>
    <ClCompile Include="CvTuiDialog.cpp">
      <Filter>Source Files</Filter>
    </ClCompile>
    <ClCompile Include="PythonAPI\CyTuiDialog.cpp">
      <Filter>Source Files</Filter>
    </ClCompile>
    <ClCompile Include="CvUserProfile.cpp">
      <Filter>Source Files</Filter>
    </ClCompile>
    <ClCompile Include="CvGTurnLogWindow.cpp">
      <Filter>Source Files</Filter>
    </ClCompile>
    <ClCompile Include="CvEngine.cpp">
      <Filter>Source Files</Filter>
    </ClCompile>
    <ClCompile Include="AppMainMenusState.cpp">
      <Filter>Source Files</Filter>
    </ClCompile>
    <ClCompile Include="VersionInfo.cpp">
      <Filter>Source Files</Filter>
    </ClCompile>
    <ClCompile Include="AppGameSetupPlayerListPanel.cpp">
      <Filter>Source Files</Filter>
    </ClCompile>
    <ClCompile Include="AppUIUtil.cpp">
      <Filter>Source Files</Filter>
    </ClCompile>
    <ClCompile Include="AppGameSetupConfigPanel.cpp">
      <Filter>Source Files</Filter>
    </ClCompile>
    <ClCompile Include="AppGameSetupWindow.cpp">
      <Filter>Source Files</Filter>
    </ClCompile>
    <ClCompile Include="AppGameSetupMapScript.cpp">
      <Filter>Source Files</Filter>
    </ClCompile>
    <ClCompile Include="CivIni.cpp">
      <Filter>Source Files</Filter>
    </ClCompile>
    <ClCompile Include="CvVFS.cpp">
      <Filter>Source Files</Filter>
    </ClCompile>
    <ClCompile Include="CvDiplomacyScreen.cpp">
      <Filter>Source Files</Filter>
    </ClCompile>
    <ClCompile Include="CvDiplomacyScreenUI.cpp">
      <Filter>Source Files</Filter>
    </ClCompile>
    <ClCompile Include="TuiFileBrowser.cpp">
      <Filter>Source Files</Filter>
    </ClCompile>
    <ClCompile Include="UITheme.cpp">
      <Filter>Source Files</Filter>
    </ClCompile>
    <ClCompile Include="$(S3TC_DXT_DIR)\s3tc.cpp">
      <Filter>Source Files</Filter>
    </ClCompile>
    <ClCompile Include="$(TINYXML2_DIR)\tinyxml2.cpp">
      <Filter>Source Files</Filter>
    </ClCompile>
    <ClCompile Include="CommandLine.cpp">
      <Filter>Source Files</Filter>
    </ClCompile>
  </ItemGroup>
  <ItemGroup>
    <ClInclude Include="DLLInterface\MyCvDLLXml.h">
      <Filter>Header Files</Filter>
    </ClInclude>
    <ClInclude Include="Common.h">
      <Filter>Header Files</Filter>
    </ClInclude>
    <ClInclude Include="DLLInterface\MyCvDLLEntityIFace.h">
      <Filter>Header Files</Filter>
    </ClInclude>
    <ClInclude Include="DLLInterface\MyCvDLLFAStar.h">
      <Filter>Header Files</Filter>
    </ClInclude>
    <ClInclude Include="DLLInterface\MyCvDLLFeature.h">
      <Filter>Header Files</Filter>
    </ClInclude>
    <ClInclude Include="DLLInterface\MyCvDLLFlagEntity.h">
      <Filter>Header Files</Filter>
    </ClInclude>
    <ClInclude Include="DLLInterface\MyCvDLLInterfaceIFace.h">
      <Filter>Header Files</Filter>
    </ClInclude>
    <ClInclude Include="DLLInterface\MyCvDLLPython.h">
      <Filter>Header Files</Filter>
    </ClInclude>
    <ClInclude Include="DLLInterface\MyCvDLLUtility.h">
      <Filter>Header Files</Filter>
    </ClInclude>
    <ClInclude Include="Logger.h">
      <Filter>Header Files</Filter>
    </ClInclude>
    <ClInclude Include="MyFFile.h">
      <Filter>Header Files</Filter>
    </ClInclude>
    <ClInclude Include="PythonAPI\CyTranslator.h">
      <Filter>Header Files</Filter>
    </ClInclude>
    <ClInclude Include="PythonAPI\CyInterface.h">
      <Filter>Header Files</Filter>
    </ClInclude>
    <ClInclude Include="CvEngineEnums.h">
      <Filter>Header Files</Filter>
    </ClInclude>
    <ClInclude Include="PythonAPI\CyDiplomacy.h">
      <Filter>Header Files</Filter>
    </ClInclude>
    <ClInclude Include="PythonAPI\CyUserProfile.h">
      <Filter>Header Files</Filter>
    </ClInclude>
    <ClInclude Include="PythonAPI\CyFractal.h">
      <Filter>Header Files</Filter>
    </ClInclude>
    <ClInclude Include="PythonAPI\CyCamera.h">
      <Filter>Header Files</Filter>
    </ClInclude>
    <ClInclude Include="PythonAPI\CvPythonExtensions.h">
      <Filter>Header Files</Filter>
    </ClInclude>
    <ClInclude Include="PythonAPI\CyEngine.h">
      <Filter>Header Files</Filter>
    </ClInclude>
    <ClInclude Include="PythonAPI\CyPythonMgr.h">
      <Filter>Header Files</Filter>
    </ClInclude>
    <ClInclude Include="CvInterface.h">
      <Filter>Header Files</Filter>
    </ClInclude>
    <ClInclude Include="DLLInterface\FMPIManager.h">
      <Filter>Header Files</Filter>
    </ClInclude>
    <ClInclude Include="CvApp.h">
      <Filter>Header Files</Filter>
    </ClInclude>
    <ClInclude Include="PythonAPI\CyGInterfaceScreen.h">
      <Filter>Header Files</Filter>
    </ClInclude>
    <ClInclude Include="PythonAPI\CyGlobeLayerManager.h">
      <Filter>Header Files</Filter>
    </ClInclude>
    <ClInclude Include="PythonAPI\CyPopupInfo.h">
      <Filter>Header Files</Filter>
    </ClInclude>
    <ClInclude Include="WorldView.h">
      <Filter>Header Files</Filter>
    </ClInclude>
    <ClInclude Include="Graphics.h">
      <Filter>Header Files</Filter>
    </ClInclude>
    <ClInclude Include="DLLInterface\MyCvDLLEngineIFace.h">
      <Filter>Header Files</Filter>
    </ClInclude>
    <ClInclude Include="CvTranslator.h">
      <Filter>Header Files</Filter>
    </ClInclude>
    <ClInclude Include="PythonAPI\CyPopup.h">
      <Filter>Header Files</Filter>
    </ClInclude>
    <ClInclude Include="CvPopup.h">
      <Filter>Header Files</Filter>
    </ClInclude>
    <ClInclude Include="PythonPopup.h">
      <Filter>Header Files</Filter>
    </ClInclude>
    <ClInclude Include="MainInterface.h">
      <Filter>Header Files</Filter>
    </ClInclude>
    <ClInclude Include="DLLMessageQueue.h">
      <Filter>Header Files</Filter>
    </ClInclude>
    <ClInclude Include="RawBinaryStream.h">
      <Filter>Header Files</Filter>
    </ClInclude>
    <ClInclude Include="MainInterfaceControls.h">
      <Filter>Header Files</Filter>
    </ClInclude>
    <ClInclude Include="CvGInterfaceScreen.h">
      <Filter>Header Files</Filter>
    </ClInclude>
    <ClInclude Include="TuiTextCode.h">
      <Filter>Header Files</Filter>
    </ClInclude>
    <ClInclude Include="PythonAPI\CyPopupReturn.h">
      <Filter>Header Files</Filter>
    </ClInclude>
    <ClInclude Include="CvButtonPopup.h">
      <Filter>Header Files</Filter>
    </ClInclude>
    <ClInclude Include="PythonScreen.h">
      <Filter>Header Files</Filter>
    </ClInclude>
    <ClInclude Include="CLinkListIterator.h">
      <Filter>Header Files</Filter>
    </ClInclude>
    <ClInclude Include="Minimap.h">
      <Filter>Header Files</Filter>
    </ClInclude>
    <ClInclude Include="RichTextTable.h">
      <Filter>Header Files</Filter>
    </ClInclude>
    <ClInclude Include="RichGuage.h">
      <Filter>Header Files</Filter>
    </ClInclude>
    <ClInclude Include="LineGraph.h">
      <Filter>Header Files</Filter>
    </ClInclude>
    <ClInclude Include="PythonAPI\CyStatistics.h">
      <Filter>Header Files</Filter>
    </ClInclude>
    <ClInclude Include="DXT.h">
      <Filter>Header Files</Filter>
    </ClInclude>
    <ClInclude Include="AudioSystem.h">
      <Filter>Header Files</Filter>
    </ClInclude>
    <ClInclude Include="WorldViewUtils.h">
      <Filter>Header Files</Filter>
    </ClInclude>
    <ClInclude Include="IniReader.h">
      <Filter>Header Files</Filter>
    </ClInclude>
    <ClInclude Include="CvTuiDialog.h">
      <Filter>Header Files</Filter>
    </ClInclude>
    <ClInclude Include="PythonAPI\CyTuiDialog.h">
      <Filter>Header Files</Filter>
    </ClInclude>
    <ClInclude Include="CvUserProfile.h">
      <Filter>Header Files</Filter>
    </ClInclude>
    <ClInclude Include="CvGTurnLogWindow.h">
      <Filter>Header Files</Filter>
    </ClInclude>
    <ClInclude Include="CvEngine.h">
      <Filter>Header Files</Filter>
    </ClInclude>
    <ClInclude Include="AppMainMenusState.h">
      <Filter>Header Files</Filter>
    </ClInclude>
    <ClInclude Include="VersionInfo.h">
      <Filter>Header Files</Filter>
    </ClInclude>
    <ClInclude Include="AppGameSetupPlayerListPanel.h">
      <Filter>Header Files</Filter>
    </ClInclude>
    <ClInclude Include="AppUIUtil.h">
      <Filter>Header Files</Filter>
    </ClInclude>
    <ClInclude Include="AppGameSetupConfigPanel.h">
      <Filter>Header Files</Filter>
    </ClInclude>
    <ClInclude Include="AppGameSetupWindow.h">
      <Filter>Header Files</Filter>
    </ClInclude>
    <ClInclude Include="AppGameSetupMapScript.h">
      <Filter>Header Files</Filter>
    </ClInclude>
    <ClInclude Include="CivIni.h">
      <Filter>Header Files</Filter>
    </ClInclude>
    <ClInclude Include="CvVFS.h">
      <Filter>Header Files</Filter>
    </ClInclude>
    <ClInclude Include="CvDiplomacyScreen.h">
      <Filter>Header Files</Filter>
    </ClInclude>
    <ClInclude Include="CvDiplomacyScreenUI.h">
      <Filter>Header Files</Filter>
    </ClInclude>
    <ClInclude Include="TuiFileBrowser.h">
      <Filter>Header Files</Filter>
    </ClInclude>
    <ClInclude Include="UITheme.h">
      <Filter>Header Files</Filter>
    </ClInclude>
    <ClInclude Include="CommandLine.h">
      <Filter>Header Files</Filter>
    </ClInclude>
  </ItemGroup>
</Project>