<?xml version="1.0" encoding="utf-8"?>
<Project ToolsVersion="4.0" xmlns="http://schemas.microsoft.com/developer/msbuild/2003">
  <ItemGroup>
    <Filter Include="Source Files">
      <UniqueIdentifier>{4FC737F1-C7A5-4376-A066-2A32D752A2FF}</UniqueIdentifier>
      <Extensions>cpp;c;cc;cxx;c++;cppm;ixx;def;odl;idl;hpj;bat;asm;asmx</Extensions>
    </Filter>
    <Filter Include="Header Files">
      <UniqueIdentifier>{93995380-89BD-4b04-88EB-625FBE52EBFB}</UniqueIdentifier>
      <Extensions>h;hh;hpp;hxx;h++;hm;inl;inc;ipp;xsd</Extensions>
    </Filter>
    <Filter Include="Resource Files">
      <UniqueIdentifier>{67DA6AB6-F800-4c08-8B7A-83BB121AAD01}</UniqueIdentifier>
      <Extensions>rc;ico;cur;bmp;dlg;rc2;rct;bin;rgs;gif;jpg;jpeg;jpe;resx;tiff;tif;png;wav;mfcribbon-ms</Extensions>
    </Filter>
  </ItemGroup>
  <ItemGroup>
    <ClInclude Include="inc\CommonStuff\PPM.h">
      <Filter>Header Files</Filter>
    </ClInclude>
    <ClInclude Include="inc\CommonStuff\vec.h">
      <Filter>Header Files</Filter>
    </ClInclude>
    <ClInclude Include="inc\CommonStuff\aabb.h">
      <Filter>Header Files</Filter>
    </ClInclude>
    <ClInclude Include="inc\CommonStuff\range.h">
      <Filter>Header Files</Filter>
    </ClInclude>
    <ClInclude Include="inc\CommonStuff\CompilerMacros.h">
      <Filter>Header Files</Filter>
    </ClInclude>
    <ClInclude Include="inc\CommonStuff\Array2D.h">
      <Filter>Header Files</Filter>
    </ClInclude>
    <ClInclude Include="inc\CommonStuff\Bitmap2D.h">
      <Filter>Header Files</Filter>
    </ClInclude>
    <ClInclude Include="inc\CommonStuff\ParallelExt.h">
      <Filter>Header Files</Filter>
    </ClInclude>
    <ClInclude Include="inc\CommonStuff\div.h">
      <Filter>Header Files</Filter>
    </ClInclude>
    <ClInclude Include="inc\CommonStuff\SimdAStar.h">
      <Filter>Header Files</Filter>
    </ClInclude>
    <ClInclude Include="inc\CommonStuff\SimdVector.h">
      <Filter>Header Files</Filter>
    </ClInclude>
    <ClInclude Include="inc\CommonStuff\Simd.h">
      <Filter>Header Files</Filter>
    </ClInclude>
    <ClInclude Include="inc\CommonStuff\NoCopy.h">
      <Filter>Header Files</Filter>
    </ClInclude>
    <ClInclude Include="inc\CommonStuff\DAryHeap.h">
      <Filter>Header Files</Filter>
    </ClInclude>
    <ClInclude Include="inc\CommonStuff\SimdAStarGraph.h">
      <Filter>Header Files</Filter>
    </ClInclude>
    <ClInclude Include="inc\CommonStuff\adj.h">
      <Filter>Header Files</Filter>
    </ClInclude>
    <ClInclude Include="inc\CommonStuff\WorkStealingParallelFor.h">
      <Filter>Header Files</Filter>
    </ClInclude>
    <ClInclude Include="inc\CommonStuff\ProfilerMarkers.h">
      <Filter>Header Files</Filter>
    </ClInclude>
    <ClInclude Include="UserMarks.h">
      <Filter>Header Files</Filter>
    </ClInclude>
    <ClInclude Include="inc\CommonStuff\PQCoordSimdAStar.h">
      <Filter>Header Files</Filter>
    </ClInclude>
    <ClInclude Include="inc\CommonStuff\SimdHeap.h">
      <Filter>Header Files</Filter>
    </ClInclude>
    <ClInclude Include="inc\CommonStuff\SimdSortUtil.h">
      <Filter>Header Files</Filter>
    </ClInclude>
    <ClInclude Include="inc\CommonStuff\SimdHybridHeap.h">
      <Filter>Header Files</Filter>
    </ClInclude>
    <ClInclude Include="inc\CommonStuff\SimdAStarPriorityQueue.h">
      <Filter>Header Files</Filter>
    </ClInclude>
    <ClInclude Include="inc\CommonStuff\SimdMultiHeap.h">
      <Filter>Header Files</Filter>
    </ClInclude>
    <ClInclude Include="inc\CommonStuff\SimdMultiHeapAStarPriorityQueue.h">
      <Filter>Header Files</Filter>
    </ClInclude>
    <ClInclude Include="inc\CommonStuff\SimdCoordWrapping.h">
      <Filter>Header Files</Filter>
    </ClInclude>
    <ClInclude Include="inc\CommonStuff\IntegerDivisonByConstant.h">
      <Filter>Header Files</Filter>
    </ClInclude>
    <ClInclude Include="inc\CommonStuff\SimdConversion.h">
      <Filter>Header Files</Filter>
    </ClInclude>
    <ClInclude Include="inc\CommonStuff\SimdConversionsAvx.h">
      <Filter>Header Files</Filter>
    </ClInclude>
    <ClInclude Include="inc\CommonStuff\SimdCommon.h">
      <Filter>Header Files</Filter>
    </ClInclude>
    <ClInclude Include="inc\CommonStuff\SimdAvxRegs.h">
      <Filter>Header Files</Filter>
    </ClInclude>
    <ClInclude Include="inc\CommonStuff\SimdRegOpsAvx128.h">
      <Filter>Header Files</Filter>
    </ClInclude>
    <ClInclude Include="inc\CommonStuff\SimdRegOpsAvx256.h">
      <Filter>Header Files</Filter>
    </ClInclude>
    <ClInclude Include="inc\CommonStuff\SimdRegOpsAvx512.h">
      <Filter>Header Files</Filter>
    </ClInclude>
    <ClInclude Include="inc\CommonStuff\SimdAvxBitMask.h">
      <Filter>Header Files</Filter>
    </ClInclude>
    <ClInclude Include="inc\CommonStuff\SimdAvxRegMask.h">
      <Filter>Header Files</Filter>
    </ClInclude>
    <ClInclude Include="inc\CommonStuff\SimdMask.h">
      <Filter>Header Files</Filter>
    </ClInclude>
    <ClInclude Include="inc\CommonStuff\SimdAvx2Polyfills.h">
      <Filter>Header Files</Filter>
    </ClInclude>
    <ClInclude Include="inc\CommonStuff\IntegerTypeUtil.h">
      <Filter>Header Files</Filter>
    </ClInclude>
    <ClInclude Include="inc\CommonStuff\QuadTree.h">
      <Filter>Header Files</Filter>
    </ClInclude>
    <ClInclude Include="inc\CommonStuff\MapGeometry.h">
      <Filter>Header Files</Filter>
    </ClInclude>
    <ClInclude Include="inc\CommonStuff\Hashing.h">
      <Filter>Header Files</Filter>
    </ClInclude>
    <ClInclude Include="inc\CommonStuff\UnionFind.h">
      <Filter>Header Files</Filter>
    </ClInclude>
    <ClInclude Include="inc\CommonStuff\FunctionOutputIterator.h">
      <Filter>Header Files</Filter>
    </ClInclude>
    <ClInclude Include="inc\CommonStuff\TradeNetworkCore.h">
      <Filter>Header Files</Filter>
    </ClInclude>
    <ClInclude Include="inc\CommonStuff\TradeNetworkSystem.h">
      <Filter>Header Files</Filter>
    </ClInclude>
    <ClInclude Include="inc\CommonStuff\StatisticsRegistry.h">
      <Filter>Header Files</Filter>
    </ClInclude>
    <ClInclude Include="inc\CommonStuff\StringConversion.h">
      <Filter>Header Files</Filter>
    </ClInclude>
    <ClInclude Include="inc\CommonStuff\System.h">
      <Filter>Header Files</Filter>
    </ClInclude>
    <ClInclude Include="inc\CommonStuff\DynamicLib.h">
      <Filter>Header Files</Filter>
    </ClInclude>
    <ClInclude Include="inc\CommonStuff\RangeTransformUtil.h">
      <Filter>Header Files</Filter>
    </ClInclude>
  </ItemGroup>
  <ItemGroup>
    <ClCompile Include="PPM.cpp">
      <Filter>Source Files</Filter>
    </ClCompile>
    <ClCompile Include="WorkStealingParallelFor.cpp">
      <Filter>Source Files</Filter>
    </ClCompile>
    <ClCompile Include="ProfilerMarkers.cpp">
      <Filter>Source Files</Filter>
    </ClCompile>
    <ClCompile Include="PQCoordSimdAStar.cpp">
      <Filter>Source Files</Filter>
    </ClCompile>
    <ClCompile Include="QuadTree.cpp">
      <Filter>Source Files</Filter>
    </ClCompile>
    <ClCompile Include="TradeNetworkCore.cpp">
      <Filter>Source Files</Filter>
    </ClCompile>
    <ClCompile Include="TradeNetworkSystem.cpp">
      <Filter>Source Files</Filter>
    </ClCompile>
    <ClCompile Include="StatisticsRegistry.cpp">
      <Filter>Source Files</Filter>
    </ClCompile>
    <ClCompile Include="StringConversion.cpp">
      <Filter>Source Files</Filter>
    </ClCompile>
    <ClCompile Include="System.cpp">
      <Filter>Source Files</Filter>
    </ClCompile>
    <ClCompile Include="DynamicLibrary.cpp">
      <Filter>Source Files</Filter>
    </ClCompile>
    <ClCompile Include="StaticAsserts.cpp">
      <Filter>Source Files</Filter>
    </ClCompile>
  </ItemGroup>
  <ItemGroup>
    <Natvis Include="NatvisFile.natvis" />
  </ItemGroup>
</Project>